
Microsoft Visual Studio Solution File, Format Version 12.00
# Visual Studio 15
VisualStudioVersion = 15.0.28010.2003
MinimumVisualStudioVersion = 10.0.40219.1
Project("{FAE04EC0-301F-11D3-BF4B-00C04F79EFBC}") = "Recipes", "Recipes\Recipes.csproj", "{5025D1ED-D81F-4C16-97DA-F2813E860970}"
EndProject
Global
	GlobalSection(SolutionConfigurationPlatforms) = preSolution
		Debug|Any CPU = Debug|Any CPU
		Release|Any CPU = Release|Any CPU
	EndGlobalSection
	GlobalSection(ProjectConfigurationPlatforms) = postSolution
		{5025D1ED-D81F-4C16-97DA-F2813E860970}.Debug|Any CPU.ActiveCfg = Debug|Any CPU
		{5025D1ED-D81F-4C16-97DA-F2813E860970}.Debug|Any CPU.Build.0 = Debug|Any CPU
		{5025D1ED-D81F-4C16-97DA-F2813E860970}.Release|Any CPU.ActiveCfg = Release|Any CPU
		{5025D1ED-D81F-4C16-97DA-F2813E860970}.Release|Any CPU.Build.0 = Release|Any CPU
	EndGlobalSection
	GlobalSection(SolutionProperties) = preSolution
		HideSolutionNode = FALSE
	EndGlobalSection
	GlobalSection(ExtensibilityGlobals) = postSolution
		SolutionGuid = {3DA2BBCD-6C54-45EF-998B-117652BCF382}
	EndGlobalSection
EndGlobal
